
Microsoft Visual Studio Solution File, Format Version 12.00
# Visual Studio 15
VisualStudioVersion = 15.0.28307.2092
MinimumVisualStudioVersion = 10.0.40219.1
Project("{FAE04EC0-301F-11D3-BF4B-00C04F79EFBC}") = "ChatServer", "ChatServer\ChatServer.csproj", "{88675356-7748-40AA-B4E8-028F016489D6}"
EndProject
Global
	GlobalSection(SolutionConfigurationPlatforms) = preSolution
		Debug|Any CPU = Debug|Any CPU
		Release|Any CPU = Release|Any CPU
	EndGlobalSection
	GlobalSection(ProjectConfigurationPlatforms) = postSolution
		{88675356-7748-40AA-B4E8-028F016489D6}.Debug|Any CPU.ActiveCfg = Debug|Any CPU
		{88675356-7748-40AA-B4E8-028F016489D6}.Debug|Any CPU.Build.0 = Debug|Any CPU
		{88675356-7748-40AA-B4E8-028F016489D6}.Release|Any CPU.ActiveCfg = Release|Any CPU
		{88675356-7748-40AA-B4E8-028F016489D6}.Release|Any CPU.Build.0 = Release|Any CPU
	EndGlobalSection
	GlobalSection(SolutionProperties) = preSolution
		HideSolutionNode = FALSE
	EndGlobalSection
	GlobalSection(ExtensibilityGlobals) = postSolution
		SolutionGuid = {BD4C3C9F-3B3F-4525-ABFD-4A3816D015C0}
	EndGlobalSection
EndGlobal
